<?xml version="1.0" encoding="utf-8"?>
<Project ToolsVersion="4.0" xmlns="http://schemas.microsoft.com/developer/msbuild/2003">
  <ItemGroup>
    <Filter Include="Source Files">
      <UniqueIdentifier>{4FC737F1-C7A5-4376-A066-2A32D752A2FF}</UniqueIdentifier>
      <Extensions>cpp;c;cc;cxx;c++;cppm;ixx;def;odl;idl;hpj;bat;asm;asmx</Extensions>
    </Filter>
    <Filter Include="Header Files">
      <UniqueIdentifier>{93995380-89BD-4b04-88EB-625FBE52EBFB}</UniqueIdentifier>
      <Extensions>h;hh;hpp;hxx;h++;hm;inl;inc;ipp;xsd</Extensions>
    </Filter>
    <Filter Include="Resource Files">
      <UniqueIdentifier>{67DA6AB6-F800-4c08-8B7A-83BB121AAD01}</UniqueIdentifier>
      <Extensions>rc;ico;cur;bmp;dlg;rc2;rct;bin;rgs;gif;jpg;jpeg;jpe;resx;tiff;tif;png;wav;mfcribbon-ms</Extensions>
    </Filter>
    <Filter Include="Source Files\glad">
      <UniqueIdentifier>{fb8efff4-6ce3-4edf-8d58-31665c360504}</UniqueIdentifier>
    </Filter>
    <Filter Include="Header Files\core">
      <UniqueIdentifier>{b1a85f30-a58f-40f5-a927-5b9f33f4471b}</UniqueIdentifier>
    </Filter>
    <Filter Include="Source Files\core">
      <UniqueIdentifier>{7e25bbb2-e51a-4e61-8e05-f08db42420d6}</UniqueIdentifier>
    </Filter>
    <Filter Include="Resource Files\shader">
      <UniqueIdentifier>{12419554-c209-4cc1-b90e-3f22c078377f}</UniqueIdentifier>
    </Filter>
    <Filter Include="Resource Files\model">
      <UniqueIdentifier>{92912f60-7863-4cdc-93b1-dbcfdb2f1b0d}</UniqueIdentifier>
    </Filter>
    <Filter Include="Header Files\util">
      <UniqueIdentifier>{4d0939bf-ce05-4e8a-909b-fd2123e7e8bd}</UniqueIdentifier>
    </Filter>
    <Filter Include="Source Files\util">
      <UniqueIdentifier>{eee415d6-b36d-4e6d-bd23-77783ef93667}</UniqueIdentifier>
    </Filter>
    <Filter Include="Resource Files\image">
      <UniqueIdentifier>{b0cf2179-c3d5-41f3-92d9-6a6c04c181f8}</UniqueIdentifier>
    </Filter>
    <Filter Include="externals">
      <UniqueIdentifier>{4ede140a-e85f-4c2f-91f1-cf672f3f676a}</UniqueIdentifier>
    </Filter>
    <Filter Include="externals\glad">
      <UniqueIdentifier>{77e6bf16-01f2-4595-8760-39ed372c43ec}</UniqueIdentifier>
    </Filter>
    <Filter Include="externals\KHR">
      <UniqueIdentifier>{f66e7359-1402-4ee6-b82e-73e538f8dcb9}</UniqueIdentifier>
    </Filter>
    <Filter Include="externals\GLFW">
      <UniqueIdentifier>{d0e25f69-e2df-4315-8e17-3779ac3c7e16}</UniqueIdentifier>
    </Filter>
    <Filter Include="externals\stb">
      <UniqueIdentifier>{bf5a6b0e-d765-4ac7-a7dc-9ed5a48a8c9d}</UniqueIdentifier>
    </Filter>
  </ItemGroup>
  <ItemGroup>
    <ClInclude Include="src\core\Vertex.h">
      <Filter>Header Files\core</Filter>
    </ClInclude>
    <ClInclude Include="src\core\ISingleton.h">
      <Filter>Header Files\core</Filter>
    </ClInclude>
    <ClInclude Include="src\core\Shader.h">
      <Filter>Header Files\core</Filter>
    </ClInclude>
    <ClInclude Include="resource.h">
      <Filter>Header Files</Filter>
    </ClInclude>
    <ClInclude Include="src\core\Camera.h">
      <Filter>Header Files\core</Filter>
    </ClInclude>
    <ClInclude Include="src\util\Math.h">
      <Filter>Header Files\util</Filter>
    </ClInclude>
    <ClInclude Include="src\CubeScene.h">
      <Filter>Header Files</Filter>
    </ClInclude>
    <ClInclude Include="src\core\Object.h">
      <Filter>Header Files\core</Filter>
    </ClInclude>
    <ClInclude Include="src\SceneManager.h">
      <Filter>Header Files</Filter>
    </ClInclude>
    <ClInclude Include="src\definitions.h">
      <Filter>Header Files</Filter>
    </ClInclude>
    <ClInclude Include="externals\glad\glad.h">
      <Filter>Header Files</Filter>
    </ClInclude>
    <ClInclude Include="externals\GLFW\glfw3.h">
      <Filter>Header Files</Filter>
    </ClInclude>
    <ClInclude Include="externals\GLFW\glfw3native.h">
      <Filter>Header Files</Filter>
    </ClInclude>
    <ClInclude Include="externals\KHR\khrplatform.h">
      <Filter>Header Files</Filter>
    </ClInclude>
    <ClInclude Include="externals\stb\stb_image.h">
      <Filter>Header Files</Filter>
    </ClInclude>
  </ItemGroup>
  <ItemGroup>
    <ClCompile Include="src\glad\glad.c">
      <Filter>Source Files\glad</Filter>
    </ClCompile>
    <ClCompile Include="src\main.cpp">
      <Filter>Source Files</Filter>
    </ClCompile>
    <ClCompile Include="src\core\Shader.cpp">
      <Filter>Source Files\core</Filter>
    </ClCompile>
    <ClCompile Include="src\core\Camera.cpp">
      <Filter>Source Files\core</Filter>
    </ClCompile>
    <ClCompile Include="src\util\Math.cpp">
      <Filter>Source Files\util</Filter>
    </ClCompile>
    <ClCompile Include="src\CubeScene.cpp">
      <Filter>Source Files</Filter>
    </ClCompile>
    <ClCompile Include="src\core\Object.cpp">
      <Filter>Source Files\core</Filter>
    </ClCompile>
    <ClCompile Include="src\SceneManager.cpp">
      <Filter>Source Files</Filter>
    </ClCompile>
    <ClCompile Include="externals\stb\stb_image.cpp">
      <Filter>Source Files</Filter>
    </ClCompile>
  </ItemGroup>
  <ItemGroup>
    <None Include="resource\shader\Cube.fs">
      <Filter>Resource Files\shader</Filter>
    </None>
    <None Include="resource\shader\Cube.vs">
      <Filter>Resource Files\shader</Filter>
    </None>
  </ItemGroup>
  <ItemGroup>
    <Text Include="resource\model\Cube.txt">
      <Filter>Resource Files\model</Filter>
    </Text>
  </ItemGroup>
  <ItemGroup>
    <Image Include="resource\image\brick.jpg">
      <Filter>Resource Files\image</Filter>
    </Image>
  </ItemGroup>
</Project>