<?xml version="1.0" encoding="utf-8"?>
<Project ToolsVersion="4.0" xmlns="http://schemas.microsoft.com/developer/msbuild/2003">
  <ItemGroup>
    <Filter Include="Source Files">
      <UniqueIdentifier>{4FC737F1-C7A5-4376-A066-2A32D752A2FF}</UniqueIdentifier>
      <Extensions>cpp;c;cc;cxx;c++;cppm;ixx;def;odl;idl;hpj;bat;asm;asmx</Extensions>
    </Filter>
    <Filter Include="Header Files">
      <UniqueIdentifier>{93995380-89BD-4b04-88EB-625FBE52EBFB}</UniqueIdentifier>
      <Extensions>h;hh;hpp;hxx;h++;hm;inl;inc;ipp;xsd</Extensions>
    </Filter>
    <Filter Include="Resource Files">
      <UniqueIdentifier>{67DA6AB6-F800-4c08-8B7A-83BB121AAD01}</UniqueIdentifier>
      <Extensions>rc;ico;cur;bmp;dlg;rc2;rct;bin;rgs;gif;jpg;jpeg;jpe;resx;tiff;tif;png;wav;mfcribbon-ms</Extensions>
    </Filter>
    <Filter Include="Source Files\glad">
      <UniqueIdentifier>{fb8efff4-6ce3-4edf-8d58-31665c360504}</UniqueIdentifier>
    </Filter>
    <Filter Include="Header Files\core">
      <UniqueIdentifier>{b1a85f30-a58f-40f5-a927-5b9f33f4471b}</UniqueIdentifier>
    </Filter>
    <Filter Include="Source Files\core">
      <UniqueIdentifier>{7e25bbb2-e51a-4e61-8e05-f08db42420d6}</UniqueIdentifier>
    </Filter>
    <Filter Include="Resource Files\shader">
      <UniqueIdentifier>{12419554-c209-4cc1-b90e-3f22c078377f}</UniqueIdentifier>
    </Filter>
    <Filter Include="Resource Files\model">
      <UniqueIdentifier>{92912f60-7863-4cdc-93b1-dbcfdb2f1b0d}</UniqueIdentifier>
    </Filter>
    <Filter Include="Header Files\util">
      <UniqueIdentifier>{4d0939bf-ce05-4e8a-909b-fd2123e7e8bd}</UniqueIdentifier>
    </Filter>
    <Filter Include="Source Files\util">
      <UniqueIdentifier>{eee415d6-b36d-4e6d-bd23-77783ef93667}</UniqueIdentifier>
    </Filter>
    <Filter Include="Resource Files\image">
      <UniqueIdentifier>{b0cf2179-c3d5-41f3-92d9-6a6c04c181f8}</UniqueIdentifier>
    </Filter>
    <Filter Include="externals">
      <UniqueIdentifier>{4ede140a-e85f-4c2f-91f1-cf672f3f676a}</UniqueIdentifier>
    </Filter>
    <Filter Include="externals\glad">
      <UniqueIdentifier>{77e6bf16-01f2-4595-8760-39ed372c43ec}</UniqueIdentifier>
    </Filter>
    <Filter Include="externals\KHR">
      <UniqueIdentifier>{f66e7359-1402-4ee6-b82e-73e538f8dcb9}</UniqueIdentifier>
    </Filter>
    <Filter Include="externals\GLFW">
      <UniqueIdentifier>{d0e25f69-e2df-4315-8e17-3779ac3c7e16}</UniqueIdentifier>
    </Filter>
    <Filter Include="externals\stb">
      <UniqueIdentifier>{bf5a6b0e-d765-4ac7-a7dc-9ed5a48a8c9d}</UniqueIdentifier>
    </Filter>
    <Filter Include="externals\glm">
      <UniqueIdentifier>{1c7bf887-a278-4ec5-a631-31ac822c7cae}</UniqueIdentifier>
    </Filter>
    <Filter Include="externals\glm\detail">
      <UniqueIdentifier>{940922c9-4963-402a-b6b0-93811a921861}</UniqueIdentifier>
    </Filter>
    <Filter Include="externals\glm\gtc">
      <UniqueIdentifier>{941a550f-cee7-43aa-a52e-6b824be4064c}</UniqueIdentifier>
    </Filter>
    <Filter Include="externals\glm\gtx">
      <UniqueIdentifier>{f24387c5-c4a4-42b7-866d-d0376b09b3cf}</UniqueIdentifier>
    </Filter>
    <Filter Include="externals\glm\simd">
      <UniqueIdentifier>{066287db-64fe-4258-ac3a-3694c8626f6c}</UniqueIdentifier>
    </Filter>
    <Filter Include="externals\imgui">
      <UniqueIdentifier>{60fbf607-6b3a-480a-87f7-519df4581384}</UniqueIdentifier>
    </Filter>
  </ItemGroup>
  <ItemGroup>
    <ClInclude Include="src\core\Vertex.h">
      <Filter>Header Files\core</Filter>
    </ClInclude>
    <ClInclude Include="src\core\ISingleton.h">
      <Filter>Header Files\core</Filter>
    </ClInclude>
    <ClInclude Include="src\core\Shader.h">
      <Filter>Header Files\core</Filter>
    </ClInclude>
    <ClInclude Include="resource.h">
      <Filter>Header Files</Filter>
    </ClInclude>
    <ClInclude Include="src\core\Camera.h">
      <Filter>Header Files\core</Filter>
    </ClInclude>
    <ClInclude Include="src\util\Math.h">
      <Filter>Header Files\util</Filter>
    </ClInclude>
    <ClInclude Include="src\CubeScene.h">
      <Filter>Header Files</Filter>
    </ClInclude>
    <ClInclude Include="src\core\Object.h">
      <Filter>Header Files\core</Filter>
    </ClInclude>
    <ClInclude Include="src\SceneManager.h">
      <Filter>Header Files</Filter>
    </ClInclude>
    <ClInclude Include="src\definitions.h">
      <Filter>Header Files</Filter>
    </ClInclude>
    <ClInclude Include="externals\glad\glad.h">
      <Filter>Header Files</Filter>
    </ClInclude>
    <ClInclude Include="externals\GLFW\glfw3.h">
      <Filter>Header Files</Filter>
    </ClInclude>
    <ClInclude Include="externals\GLFW\glfw3native.h">
      <Filter>Header Files</Filter>
    </ClInclude>
    <ClInclude Include="externals\KHR\khrplatform.h">
      <Filter>Header Files</Filter>
    </ClInclude>
    <ClInclude Include="externals\stb\stb_image.h">
      <Filter>Header Files</Filter>
    </ClInclude>
    <ClInclude Include="externals\glm\common.hpp">
      <Filter>externals\glm</Filter>
    </ClInclude>
    <ClInclude Include="externals\glm\exponential.hpp">
      <Filter>externals\glm</Filter>
    </ClInclude>
    <ClInclude Include="externals\glm\ext.hpp">
      <Filter>externals\glm</Filter>
    </ClInclude>
    <ClInclude Include="externals\glm\fwd.hpp">
      <Filter>externals\glm</Filter>
    </ClInclude>
    <ClInclude Include="externals\glm\geometric.hpp">
      <Filter>externals\glm</Filter>
    </ClInclude>
    <ClInclude Include="externals\glm\glm.hpp">
      <Filter>externals\glm</Filter>
    </ClInclude>
    <ClInclude Include="externals\glm\integer.hpp">
      <Filter>externals\glm</Filter>
    </ClInclude>
    <ClInclude Include="externals\glm\mat2x2.hpp">
      <Filter>externals\glm</Filter>
    </ClInclude>
    <ClInclude Include="externals\glm\mat2x3.hpp">
      <Filter>externals\glm</Filter>
    </ClInclude>
    <ClInclude Include="externals\glm\mat2x4.hpp">
      <Filter>externals\glm</Filter>
    </ClInclude>
    <ClInclude Include="externals\glm\mat3x2.hpp">
      <Filter>externals\glm</Filter>
    </ClInclude>
    <ClInclude Include="externals\glm\mat3x3.hpp">
      <Filter>externals\glm</Filter>
    </ClInclude>
    <ClInclude Include="externals\glm\mat3x4.hpp">
      <Filter>externals\glm</Filter>
    </ClInclude>
    <ClInclude Include="externals\glm\mat4x2.hpp">
      <Filter>externals\glm</Filter>
    </ClInclude>
    <ClInclude Include="externals\glm\mat4x3.hpp">
      <Filter>externals\glm</Filter>
    </ClInclude>
    <ClInclude Include="externals\glm\mat4x4.hpp">
      <Filter>externals\glm</Filter>
    </ClInclude>
    <ClInclude Include="externals\glm\matrix.hpp">
      <Filter>externals\glm</Filter>
    </ClInclude>
    <ClInclude Include="externals\glm\packing.hpp">
      <Filter>externals\glm</Filter>
    </ClInclude>
    <ClInclude Include="externals\glm\trigonometric.hpp">
      <Filter>externals\glm</Filter>
    </ClInclude>
    <ClInclude Include="externals\glm\vec2.hpp">
      <Filter>externals\glm</Filter>
    </ClInclude>
    <ClInclude Include="externals\glm\vec3.hpp">
      <Filter>externals\glm</Filter>
    </ClInclude>
    <ClInclude Include="externals\glm\vec4.hpp">
      <Filter>externals\glm</Filter>
    </ClInclude>
    <ClInclude Include="externals\glm\vector_relational.hpp">
      <Filter>externals\glm</Filter>
    </ClInclude>
    <ClInclude Include="externals\glm\detail\_features.hpp">
      <Filter>externals\glm\detail</Filter>
    </ClInclude>
    <ClInclude Include="externals\glm\detail\_fixes.hpp">
      <Filter>externals\glm\detail</Filter>
    </ClInclude>
    <ClInclude Include="externals\glm\detail\_noise.hpp">
      <Filter>externals\glm\detail</Filter>
    </ClInclude>
    <ClInclude Include="externals\glm\detail\_swizzle.hpp">
      <Filter>externals\glm\detail</Filter>
    </ClInclude>
    <ClInclude Include="externals\glm\detail\_swizzle_func.hpp">
      <Filter>externals\glm\detail</Filter>
    </ClInclude>
    <ClInclude Include="externals\glm\detail\_vectorize.hpp">
      <Filter>externals\glm\detail</Filter>
    </ClInclude>
    <ClInclude Include="externals\glm\detail\func_common.hpp">
      <Filter>externals\glm\detail</Filter>
    </ClInclude>
    <ClInclude Include="externals\glm\detail\func_exponential.hpp">
      <Filter>externals\glm\detail</Filter>
    </ClInclude>
    <ClInclude Include="externals\glm\detail\func_geometric.hpp">
      <Filter>externals\glm\detail</Filter>
    </ClInclude>
    <ClInclude Include="externals\glm\detail\func_integer.hpp">
      <Filter>externals\glm\detail</Filter>
    </ClInclude>
    <ClInclude Include="externals\glm\detail\func_matrix.hpp">
      <Filter>externals\glm\detail</Filter>
    </ClInclude>
    <ClInclude Include="externals\glm\detail\func_packing.hpp">
      <Filter>externals\glm\detail</Filter>
    </ClInclude>
    <ClInclude Include="externals\glm\detail\func_trigonometric.hpp">
      <Filter>externals\glm\detail</Filter>
    </ClInclude>
    <ClInclude Include="externals\glm\detail\func_vector_relational.hpp">
      <Filter>externals\glm\detail</Filter>
    </ClInclude>
    <ClInclude Include="externals\glm\detail\precision.hpp">
      <Filter>externals\glm\detail</Filter>
    </ClInclude>
    <ClInclude Include="externals\glm\detail\setup.hpp">
      <Filter>externals\glm\detail</Filter>
    </ClInclude>
    <ClInclude Include="externals\glm\detail\type_float.hpp">
      <Filter>externals\glm\detail</Filter>
    </ClInclude>
    <ClInclude Include="externals\glm\detail\type_gentype.hpp">
      <Filter>externals\glm\detail</Filter>
    </ClInclude>
    <ClInclude Include="externals\glm\detail\type_half.hpp">
      <Filter>externals\glm\detail</Filter>
    </ClInclude>
    <ClInclude Include="externals\glm\detail\type_int.hpp">
      <Filter>externals\glm\detail</Filter>
    </ClInclude>
    <ClInclude Include="externals\glm\detail\type_mat.hpp">
      <Filter>externals\glm\detail</Filter>
    </ClInclude>
    <ClInclude Include="externals\glm\detail\type_mat2x2.hpp">
      <Filter>externals\glm\detail</Filter>
    </ClInclude>
    <ClInclude Include="externals\glm\detail\type_mat2x3.hpp">
      <Filter>externals\glm\detail</Filter>
    </ClInclude>
    <ClInclude Include="externals\glm\detail\type_mat2x4.hpp">
      <Filter>externals\glm\detail</Filter>
    </ClInclude>
    <ClInclude Include="externals\glm\detail\type_mat3x2.hpp">
      <Filter>externals\glm\detail</Filter>
    </ClInclude>
    <ClInclude Include="externals\glm\detail\type_mat3x3.hpp">
      <Filter>externals\glm\detail</Filter>
    </ClInclude>
    <ClInclude Include="externals\glm\detail\type_mat3x4.hpp">
      <Filter>externals\glm\detail</Filter>
    </ClInclude>
    <ClInclude Include="externals\glm\detail\type_mat4x2.hpp">
      <Filter>externals\glm\detail</Filter>
    </ClInclude>
    <ClInclude Include="externals\glm\detail\type_mat4x3.hpp">
      <Filter>externals\glm\detail</Filter>
    </ClInclude>
    <ClInclude Include="externals\glm\detail\type_mat4x4.hpp">
      <Filter>externals\glm\detail</Filter>
    </ClInclude>
    <ClInclude Include="externals\glm\detail\type_vec.hpp">
      <Filter>externals\glm\detail</Filter>
    </ClInclude>
    <ClInclude Include="externals\glm\detail\type_vec1.hpp">
      <Filter>externals\glm\detail</Filter>
    </ClInclude>
    <ClInclude Include="externals\glm\detail\type_vec2.hpp">
      <Filter>externals\glm\detail</Filter>
    </ClInclude>
    <ClInclude Include="externals\glm\detail\type_vec3.hpp">
      <Filter>externals\glm\detail</Filter>
    </ClInclude>
    <ClInclude Include="externals\glm\detail\type_vec4.hpp">
      <Filter>externals\glm\detail</Filter>
    </ClInclude>
    <ClInclude Include="externals\glm\gtc\bitfield.hpp">
      <Filter>externals\glm\gtc</Filter>
    </ClInclude>
    <ClInclude Include="externals\glm\gtc\color_space.hpp">
      <Filter>externals\glm\gtc</Filter>
    </ClInclude>
    <ClInclude Include="externals\glm\gtc\constants.hpp">
      <Filter>externals\glm\gtc</Filter>
    </ClInclude>
    <ClInclude Include="externals\glm\gtc\epsilon.hpp">
      <Filter>externals\glm\gtc</Filter>
    </ClInclude>
    <ClInclude Include="externals\glm\gtc\functions.hpp">
      <Filter>externals\glm\gtc</Filter>
    </ClInclude>
    <ClInclude Include="externals\glm\gtc\integer.hpp">
      <Filter>externals\glm\gtc</Filter>
    </ClInclude>
    <ClInclude Include="externals\glm\gtc\matrix_access.hpp">
      <Filter>externals\glm\gtc</Filter>
    </ClInclude>
    <ClInclude Include="externals\glm\gtc\matrix_integer.hpp">
      <Filter>externals\glm\gtc</Filter>
    </ClInclude>
    <ClInclude Include="externals\glm\gtc\matrix_inverse.hpp">
      <Filter>externals\glm\gtc</Filter>
    </ClInclude>
    <ClInclude Include="externals\glm\gtc\matrix_transform.hpp">
      <Filter>externals\glm\gtc</Filter>
    </ClInclude>
    <ClInclude Include="externals\glm\gtc\noise.hpp">
      <Filter>externals\glm\gtc</Filter>
    </ClInclude>
    <ClInclude Include="externals\glm\gtc\packing.hpp">
      <Filter>externals\glm\gtc</Filter>
    </ClInclude>
    <ClInclude Include="externals\glm\gtc\quaternion.hpp">
      <Filter>externals\glm\gtc</Filter>
    </ClInclude>
    <ClInclude Include="externals\glm\gtc\random.hpp">
      <Filter>externals\glm\gtc</Filter>
    </ClInclude>
    <ClInclude Include="externals\glm\gtc\reciprocal.hpp">
      <Filter>externals\glm\gtc</Filter>
    </ClInclude>
    <ClInclude Include="externals\glm\gtc\round.hpp">
      <Filter>externals\glm\gtc</Filter>
    </ClInclude>
    <ClInclude Include="externals\glm\gtc\type_aligned.hpp">
      <Filter>externals\glm\gtc</Filter>
    </ClInclude>
    <ClInclude Include="externals\glm\gtc\type_precision.hpp">
      <Filter>externals\glm\gtc</Filter>
    </ClInclude>
    <ClInclude Include="externals\glm\gtc\type_ptr.hpp">
      <Filter>externals\glm\gtc</Filter>
    </ClInclude>
    <ClInclude Include="externals\glm\gtc\ulp.hpp">
      <Filter>externals\glm\gtc</Filter>
    </ClInclude>
    <ClInclude Include="externals\glm\gtc\vec1.hpp">
      <Filter>externals\glm\gtc</Filter>
    </ClInclude>
    <ClInclude Include="externals\glm\gtx\associated_min_max.hpp">
      <Filter>externals\glm\gtx</Filter>
    </ClInclude>
    <ClInclude Include="externals\glm\gtx\bit.hpp">
      <Filter>externals\glm\gtx</Filter>
    </ClInclude>
    <ClInclude Include="externals\glm\gtx\closest_point.hpp">
      <Filter>externals\glm\gtx</Filter>
    </ClInclude>
    <ClInclude Include="externals\glm\gtx\color_space.hpp">
      <Filter>externals\glm\gtx</Filter>
    </ClInclude>
    <ClInclude Include="externals\glm\gtx\color_space_YCoCg.hpp">
      <Filter>externals\glm\gtx</Filter>
    </ClInclude>
    <ClInclude Include="externals\glm\gtx\common.hpp">
      <Filter>externals\glm\gtx</Filter>
    </ClInclude>
    <ClInclude Include="externals\glm\gtx\compatibility.hpp">
      <Filter>externals\glm\gtx</Filter>
    </ClInclude>
    <ClInclude Include="externals\glm\gtx\component_wise.hpp">
      <Filter>externals\glm\gtx</Filter>
    </ClInclude>
    <ClInclude Include="externals\glm\gtx\dual_quaternion.hpp">
      <Filter>externals\glm\gtx</Filter>
    </ClInclude>
    <ClInclude Include="externals\glm\gtx\euler_angles.hpp">
      <Filter>externals\glm\gtx</Filter>
    </ClInclude>
    <ClInclude Include="externals\glm\gtx\extend.hpp">
      <Filter>externals\glm\gtx</Filter>
    </ClInclude>
    <ClInclude Include="externals\glm\gtx\extended_min_max.hpp">
      <Filter>externals\glm\gtx</Filter>
    </ClInclude>
    <ClInclude Include="externals\glm\gtx\fast_exponential.hpp">
      <Filter>externals\glm\gtx</Filter>
    </ClInclude>
    <ClInclude Include="externals\glm\gtx\fast_square_root.hpp">
      <Filter>externals\glm\gtx</Filter>
    </ClInclude>
    <ClInclude Include="externals\glm\gtx\fast_trigonometry.hpp">
      <Filter>externals\glm\gtx</Filter>
    </ClInclude>
    <ClInclude Include="externals\glm\gtx\gradient_paint.hpp">
      <Filter>externals\glm\gtx</Filter>
    </ClInclude>
    <ClInclude Include="externals\glm\gtx\handed_coordinate_space.hpp">
      <Filter>externals\glm\gtx</Filter>
    </ClInclude>
    <ClInclude Include="externals\glm\gtx\hash.hpp">
      <Filter>externals\glm\gtx</Filter>
    </ClInclude>
    <ClInclude Include="externals\glm\gtx\integer.hpp">
      <Filter>externals\glm\gtx</Filter>
    </ClInclude>
    <ClInclude Include="externals\glm\gtx\intersect.hpp">
      <Filter>externals\glm\gtx</Filter>
    </ClInclude>
    <ClInclude Include="externals\glm\gtx\io.hpp">
      <Filter>externals\glm\gtx</Filter>
    </ClInclude>
    <ClInclude Include="externals\glm\gtx\log_base.hpp">
      <Filter>externals\glm\gtx</Filter>
    </ClInclude>
    <ClInclude Include="externals\glm\gtx\matrix_cross_product.hpp">
      <Filter>externals\glm\gtx</Filter>
    </ClInclude>
    <ClInclude Include="externals\glm\gtx\matrix_decompose.hpp">
      <Filter>externals\glm\gtx</Filter>
    </ClInclude>
    <ClInclude Include="externals\glm\gtx\matrix_interpolation.hpp">
      <Filter>externals\glm\gtx</Filter>
    </ClInclude>
    <ClInclude Include="externals\glm\gtx\matrix_major_storage.hpp">
      <Filter>externals\glm\gtx</Filter>
    </ClInclude>
    <ClInclude Include="externals\glm\gtx\matrix_operation.hpp">
      <Filter>externals\glm\gtx</Filter>
    </ClInclude>
    <ClInclude Include="externals\glm\gtx\matrix_query.hpp">
      <Filter>externals\glm\gtx</Filter>
    </ClInclude>
    <ClInclude Include="externals\glm\gtx\matrix_transform_2d.hpp">
      <Filter>externals\glm\gtx</Filter>
    </ClInclude>
    <ClInclude Include="externals\glm\gtx\mixed_product.hpp">
      <Filter>externals\glm\gtx</Filter>
    </ClInclude>
    <ClInclude Include="externals\glm\gtx\norm.hpp">
      <Filter>externals\glm\gtx</Filter>
    </ClInclude>
    <ClInclude Include="externals\glm\gtx\normal.hpp">
      <Filter>externals\glm\gtx</Filter>
    </ClInclude>
    <ClInclude Include="externals\glm\gtx\normalize_dot.hpp">
      <Filter>externals\glm\gtx</Filter>
    </ClInclude>
    <ClInclude Include="externals\glm\gtx\number_precision.hpp">
      <Filter>externals\glm\gtx</Filter>
    </ClInclude>
    <ClInclude Include="externals\glm\gtx\optimum_pow.hpp">
      <Filter>externals\glm\gtx</Filter>
    </ClInclude>
    <ClInclude Include="externals\glm\gtx\orthonormalize.hpp">
      <Filter>externals\glm\gtx</Filter>
    </ClInclude>
    <ClInclude Include="externals\glm\gtx\perpendicular.hpp">
      <Filter>externals\glm\gtx</Filter>
    </ClInclude>
    <ClInclude Include="externals\glm\gtx\polar_coordinates.hpp">
      <Filter>externals\glm\gtx</Filter>
    </ClInclude>
    <ClInclude Include="externals\glm\gtx\projection.hpp">
      <Filter>externals\glm\gtx</Filter>
    </ClInclude>
    <ClInclude Include="externals\glm\gtx\quaternion.hpp">
      <Filter>externals\glm\gtx</Filter>
    </ClInclude>
    <ClInclude Include="externals\glm\gtx\range.hpp">
      <Filter>externals\glm\gtx</Filter>
    </ClInclude>
    <ClInclude Include="externals\glm\gtx\raw_data.hpp">
      <Filter>externals\glm\gtx</Filter>
    </ClInclude>
    <ClInclude Include="externals\glm\gtx\rotate_normalized_axis.hpp">
      <Filter>externals\glm\gtx</Filter>
    </ClInclude>
    <ClInclude Include="externals\glm\gtx\rotate_vector.hpp">
      <Filter>externals\glm\gtx</Filter>
    </ClInclude>
    <ClInclude Include="externals\glm\gtx\scalar_multiplication.hpp">
      <Filter>externals\glm\gtx</Filter>
    </ClInclude>
    <ClInclude Include="externals\glm\gtx\scalar_relational.hpp">
      <Filter>externals\glm\gtx</Filter>
    </ClInclude>
    <ClInclude Include="externals\glm\gtx\spline.hpp">
      <Filter>externals\glm\gtx</Filter>
    </ClInclude>
    <ClInclude Include="externals\glm\gtx\std_based_type.hpp">
      <Filter>externals\glm\gtx</Filter>
    </ClInclude>
    <ClInclude Include="externals\glm\gtx\string_cast.hpp">
      <Filter>externals\glm\gtx</Filter>
    </ClInclude>
    <ClInclude Include="externals\glm\gtx\transform.hpp">
      <Filter>externals\glm\gtx</Filter>
    </ClInclude>
    <ClInclude Include="externals\glm\gtx\transform2.hpp">
      <Filter>externals\glm\gtx</Filter>
    </ClInclude>
    <ClInclude Include="externals\glm\gtx\type_aligned.hpp">
      <Filter>externals\glm\gtx</Filter>
    </ClInclude>
    <ClInclude Include="externals\glm\gtx\type_trait.hpp">
      <Filter>externals\glm\gtx</Filter>
    </ClInclude>
    <ClInclude Include="externals\glm\gtx\vector_angle.hpp">
      <Filter>externals\glm\gtx</Filter>
    </ClInclude>
    <ClInclude Include="externals\glm\gtx\vector_query.hpp">
      <Filter>externals\glm\gtx</Filter>
    </ClInclude>
    <ClInclude Include="externals\glm\gtx\wrap.hpp">
      <Filter>externals\glm\gtx</Filter>
    </ClInclude>
    <ClInclude Include="externals\glm\simd\common.h">
      <Filter>externals\glm\simd</Filter>
    </ClInclude>
    <ClInclude Include="externals\glm\simd\exponential.h">
      <Filter>externals\glm\simd</Filter>
    </ClInclude>
    <ClInclude Include="externals\glm\simd\geometric.h">
      <Filter>externals\glm\simd</Filter>
    </ClInclude>
    <ClInclude Include="externals\glm\simd\integer.h">
      <Filter>externals\glm\simd</Filter>
    </ClInclude>
    <ClInclude Include="externals\glm\simd\matrix.h">
      <Filter>externals\glm\simd</Filter>
    </ClInclude>
    <ClInclude Include="externals\glm\simd\packing.h">
      <Filter>externals\glm\simd</Filter>
    </ClInclude>
    <ClInclude Include="externals\glm\simd\platform.h">
      <Filter>externals\glm\simd</Filter>
    </ClInclude>
    <ClInclude Include="externals\glm\simd\trigonometric.h">
      <Filter>externals\glm\simd</Filter>
    </ClInclude>
    <ClInclude Include="externals\glm\simd\vector_relational.h">
      <Filter>externals\glm\simd</Filter>
    </ClInclude>
    <ClInclude Include="externals\imgui\imconfig.h">
      <Filter>externals\imgui</Filter>
    </ClInclude>
    <ClInclude Include="externals\imgui\imgui.h">
      <Filter>externals\imgui</Filter>
    </ClInclude>
    <ClInclude Include="externals\imgui\imgui_internal.h">
      <Filter>externals\imgui</Filter>
    </ClInclude>
    <ClInclude Include="externals\imgui\backends\imgui_impl_glfw.h">
      <Filter>externals\imgui</Filter>
    </ClInclude>
    <ClInclude Include="externals\imgui\backends\imgui_impl_opengl3.h">
      <Filter>externals\imgui</Filter>
    </ClInclude>
    <ClInclude Include="externals\imgui\backends\imgui_impl_opengl3_loader.h">
      <Filter>externals\imgui</Filter>
    </ClInclude>
  </ItemGroup>
  <ItemGroup>
    <ClCompile Include="src\glad\glad.c">
      <Filter>Source Files\glad</Filter>
    </ClCompile>
    <ClCompile Include="src\main.cpp">
      <Filter>Source Files</Filter>
    </ClCompile>
    <ClCompile Include="src\core\Shader.cpp">
      <Filter>Source Files\core</Filter>
    </ClCompile>
    <ClCompile Include="src\core\Camera.cpp">
      <Filter>Source Files\core</Filter>
    </ClCompile>
    <ClCompile Include="src\util\Math.cpp">
      <Filter>Source Files\util</Filter>
    </ClCompile>
    <ClCompile Include="src\CubeScene.cpp">
      <Filter>Source Files</Filter>
    </ClCompile>
    <ClCompile Include="src\core\Object.cpp">
      <Filter>Source Files\core</Filter>
    </ClCompile>
    <ClCompile Include="src\SceneManager.cpp">
      <Filter>Source Files</Filter>
    </ClCompile>
    <ClCompile Include="externals\stb\stb_image.cpp">
      <Filter>Source Files</Filter>
    </ClCompile>
    <ClCompile Include="externals\glm\detail\dummy.cpp">
      <Filter>externals\glm\detail</Filter>
    </ClCompile>
    <ClCompile Include="externals\glm\detail\glm.cpp">
      <Filter>externals\glm\detail</Filter>
    </ClCompile>
    <ClCompile Include="externals\imgui\imgui.cpp">
      <Filter>externals\imgui</Filter>
    </ClCompile>
    <ClCompile Include="externals\imgui\imgui_demo.cpp">
      <Filter>externals\imgui</Filter>
    </ClCompile>
    <ClCompile Include="externals\imgui\imgui_draw.cpp">
      <Filter>externals\imgui</Filter>
    </ClCompile>
    <ClCompile Include="externals\imgui\imgui_tables.cpp">
      <Filter>externals\imgui</Filter>
    </ClCompile>
    <ClCompile Include="externals\imgui\imgui_widgets.cpp">
      <Filter>externals\imgui</Filter>
    </ClCompile>
    <ClCompile Include="externals\imgui\backends\imgui_impl_glfw.cpp">
      <Filter>externals\imgui</Filter>
    </ClCompile>
    <ClCompile Include="externals\imgui\backends\imgui_impl_opengl3.cpp">
      <Filter>externals\imgui</Filter>
    </ClCompile>
  </ItemGroup>
  <ItemGroup>
    <None Include="resource\shader\Cube.fs">
      <Filter>Resource Files\shader</Filter>
    </None>
    <None Include="resource\shader\Cube.vs">
      <Filter>Resource Files\shader</Filter>
    </None>
    <None Include="externals\glm\detail\func_common.inl">
      <Filter>externals\glm\detail</Filter>
    </None>
    <None Include="externals\glm\detail\func_common_simd.inl">
      <Filter>externals\glm\detail</Filter>
    </None>
    <None Include="externals\glm\detail\func_exponential.inl">
      <Filter>externals\glm\detail</Filter>
    </None>
    <None Include="externals\glm\detail\func_exponential_simd.inl">
      <Filter>externals\glm\detail</Filter>
    </None>
    <None Include="externals\glm\detail\func_geometric.inl">
      <Filter>externals\glm\detail</Filter>
    </None>
    <None Include="externals\glm\detail\func_geometric_simd.inl">
      <Filter>externals\glm\detail</Filter>
    </None>
    <None Include="externals\glm\detail\func_integer.inl">
      <Filter>externals\glm\detail</Filter>
    </None>
    <None Include="externals\glm\detail\func_integer_simd.inl">
      <Filter>externals\glm\detail</Filter>
    </None>
    <None Include="externals\glm\detail\func_matrix.inl">
      <Filter>externals\glm\detail</Filter>
    </None>
    <None Include="externals\glm\detail\func_matrix_simd.inl">
      <Filter>externals\glm\detail</Filter>
    </None>
    <None Include="externals\glm\detail\func_packing.inl">
      <Filter>externals\glm\detail</Filter>
    </None>
    <None Include="externals\glm\detail\func_packing_simd.inl">
      <Filter>externals\glm\detail</Filter>
    </None>
    <None Include="externals\glm\detail\func_trigonometric.inl">
      <Filter>externals\glm\detail</Filter>
    </None>
    <None Include="externals\glm\detail\func_trigonometric_simd.inl">
      <Filter>externals\glm\detail</Filter>
    </None>
    <None Include="externals\glm\detail\func_vector_relational.inl">
      <Filter>externals\glm\detail</Filter>
    </None>
    <None Include="externals\glm\detail\func_vector_relational_simd.inl">
      <Filter>externals\glm\detail</Filter>
    </None>
    <None Include="externals\glm\detail\type_gentype.inl">
      <Filter>externals\glm\detail</Filter>
    </None>
    <None Include="externals\glm\detail\type_half.inl">
      <Filter>externals\glm\detail</Filter>
    </None>
    <None Include="externals\glm\detail\type_mat.inl">
      <Filter>externals\glm\detail</Filter>
    </None>
    <None Include="externals\glm\detail\type_mat2x2.inl">
      <Filter>externals\glm\detail</Filter>
    </None>
    <None Include="externals\glm\detail\type_mat2x3.inl">
      <Filter>externals\glm\detail</Filter>
    </None>
    <None Include="externals\glm\detail\type_mat2x4.inl">
      <Filter>externals\glm\detail</Filter>
    </None>
    <None Include="externals\glm\detail\type_mat3x2.inl">
      <Filter>externals\glm\detail</Filter>
    </None>
    <None Include="externals\glm\detail\type_mat3x3.inl">
      <Filter>externals\glm\detail</Filter>
    </None>
    <None Include="externals\glm\detail\type_mat3x4.inl">
      <Filter>externals\glm\detail</Filter>
    </None>
    <None Include="externals\glm\detail\type_mat4x2.inl">
      <Filter>externals\glm\detail</Filter>
    </None>
    <None Include="externals\glm\detail\type_mat4x3.inl">
      <Filter>externals\glm\detail</Filter>
    </None>
    <None Include="externals\glm\detail\type_mat4x4.inl">
      <Filter>externals\glm\detail</Filter>
    </None>
    <None Include="externals\glm\detail\type_mat4x4_simd.inl">
      <Filter>externals\glm\detail</Filter>
    </None>
    <None Include="externals\glm\detail\type_vec.inl">
      <Filter>externals\glm\detail</Filter>
    </None>
    <None Include="externals\glm\detail\type_vec1.inl">
      <Filter>externals\glm\detail</Filter>
    </None>
    <None Include="externals\glm\detail\type_vec2.inl">
      <Filter>externals\glm\detail</Filter>
    </None>
    <None Include="externals\glm\detail\type_vec3.inl">
      <Filter>externals\glm\detail</Filter>
    </None>
    <None Include="externals\glm\detail\type_vec4.inl">
      <Filter>externals\glm\detail</Filter>
    </None>
    <None Include="externals\glm\detail\type_vec4_simd.inl">
      <Filter>externals\glm\detail</Filter>
    </None>
    <None Include="externals\glm\gtc\bitfield.inl">
      <Filter>externals\glm\gtc</Filter>
    </None>
    <None Include="externals\glm\gtc\color_encoding.inl">
      <Filter>externals\glm\gtc</Filter>
    </None>
    <None Include="externals\glm\gtc\color_space.inl">
      <Filter>externals\glm\gtc</Filter>
    </None>
    <None Include="externals\glm\gtc\constants.inl">
      <Filter>externals\glm\gtc</Filter>
    </None>
    <None Include="externals\glm\gtc\epsilon.inl">
      <Filter>externals\glm\gtc</Filter>
    </None>
    <None Include="externals\glm\gtc\functions.inl">
      <Filter>externals\glm\gtc</Filter>
    </None>
    <None Include="externals\glm\gtc\integer.inl">
      <Filter>externals\glm\gtc</Filter>
    </None>
    <None Include="externals\glm\gtc\matrix_access.inl">
      <Filter>externals\glm\gtc</Filter>
    </None>
    <None Include="externals\glm\gtc\matrix_inverse.inl">
      <Filter>externals\glm\gtc</Filter>
    </None>
    <None Include="externals\glm\gtc\matrix_transform.inl">
      <Filter>externals\glm\gtc</Filter>
    </None>
    <None Include="externals\glm\gtc\noise.inl">
      <Filter>externals\glm\gtc</Filter>
    </None>
    <None Include="externals\glm\gtc\packing.inl">
      <Filter>externals\glm\gtc</Filter>
    </None>
    <None Include="externals\glm\gtc\quaternion.inl">
      <Filter>externals\glm\gtc</Filter>
    </None>
    <None Include="externals\glm\gtc\quaternion_simd.inl">
      <Filter>externals\glm\gtc</Filter>
    </None>
    <None Include="externals\glm\gtc\random.inl">
      <Filter>externals\glm\gtc</Filter>
    </None>
    <None Include="externals\glm\gtc\reciprocal.inl">
      <Filter>externals\glm\gtc</Filter>
    </None>
    <None Include="externals\glm\gtc\round.inl">
      <Filter>externals\glm\gtc</Filter>
    </None>
    <None Include="externals\glm\gtc\type_precision.inl">
      <Filter>externals\glm\gtc</Filter>
    </None>
    <None Include="externals\glm\gtc\type_ptr.inl">
      <Filter>externals\glm\gtc</Filter>
    </None>
    <None Include="externals\glm\gtc\ulp.inl">
      <Filter>externals\glm\gtc</Filter>
    </None>
    <None Include="externals\glm\gtc\vec1.inl">
      <Filter>externals\glm\gtc</Filter>
    </None>
    <None Include="externals\glm\gtx\associated_min_max.inl">
      <Filter>externals\glm\gtx</Filter>
    </None>
    <None Include="externals\glm\gtx\bit.inl">
      <Filter>externals\glm\gtx</Filter>
    </None>
    <None Include="externals\glm\gtx\closest_point.inl">
      <Filter>externals\glm\gtx</Filter>
    </None>
    <None Include="externals\glm\gtx\color_space.inl">
      <Filter>externals\glm\gtx</Filter>
    </None>
    <None Include="externals\glm\gtx\color_space_YCoCg.inl">
      <Filter>externals\glm\gtx</Filter>
    </None>
    <None Include="externals\glm\gtx\common.inl">
      <Filter>externals\glm\gtx</Filter>
    </None>
    <None Include="externals\glm\gtx\compatibility.inl">
      <Filter>externals\glm\gtx</Filter>
    </None>
    <None Include="externals\glm\gtx\component_wise.inl">
      <Filter>externals\glm\gtx</Filter>
    </None>
    <None Include="externals\glm\gtx\dual_quaternion.inl">
      <Filter>externals\glm\gtx</Filter>
    </None>
    <None Include="externals\glm\gtx\euler_angles.inl">
      <Filter>externals\glm\gtx</Filter>
    </None>
    <None Include="externals\glm\gtx\extend.inl">
      <Filter>externals\glm\gtx</Filter>
    </None>
    <None Include="externals\glm\gtx\extended_min_max.inl">
      <Filter>externals\glm\gtx</Filter>
    </None>
    <None Include="externals\glm\gtx\fast_exponential.inl">
      <Filter>externals\glm\gtx</Filter>
    </None>
    <None Include="externals\glm\gtx\fast_square_root.inl">
      <Filter>externals\glm\gtx</Filter>
    </None>
    <None Include="externals\glm\gtx\fast_trigonometry.inl">
      <Filter>externals\glm\gtx</Filter>
    </None>
    <None Include="externals\glm\gtx\float_notmalize.inl">
      <Filter>externals\glm\gtx</Filter>
    </None>
    <None Include="externals\glm\gtx\gradient_paint.inl">
      <Filter>externals\glm\gtx</Filter>
    </None>
    <None Include="externals\glm\gtx\handed_coordinate_space.inl">
      <Filter>externals\glm\gtx</Filter>
    </None>
    <None Include="externals\glm\gtx\hash.inl">
      <Filter>externals\glm\gtx</Filter>
    </None>
    <None Include="externals\glm\gtx\integer.inl">
      <Filter>externals\glm\gtx</Filter>
    </None>
    <None Include="externals\glm\gtx\intersect.inl">
      <Filter>externals\glm\gtx</Filter>
    </None>
    <None Include="externals\glm\gtx\io.inl">
      <Filter>externals\glm\gtx</Filter>
    </None>
    <None Include="externals\glm\gtx\log_base.inl">
      <Filter>externals\glm\gtx</Filter>
    </None>
    <None Include="externals\glm\gtx\matrix_cross_product.inl">
      <Filter>externals\glm\gtx</Filter>
    </None>
    <None Include="externals\glm\gtx\matrix_decompose.inl">
      <Filter>externals\glm\gtx</Filter>
    </None>
    <None Include="externals\glm\gtx\matrix_interpolation.inl">
      <Filter>externals\glm\gtx</Filter>
    </None>
    <None Include="externals\glm\gtx\matrix_major_storage.inl">
      <Filter>externals\glm\gtx</Filter>
    </None>
    <None Include="externals\glm\gtx\matrix_operation.inl">
      <Filter>externals\glm\gtx</Filter>
    </None>
    <None Include="externals\glm\gtx\matrix_query.inl">
      <Filter>externals\glm\gtx</Filter>
    </None>
    <None Include="externals\glm\gtx\matrix_transform_2d.inl">
      <Filter>externals\glm\gtx</Filter>
    </None>
    <None Include="externals\glm\gtx\mixed_product.inl">
      <Filter>externals\glm\gtx</Filter>
    </None>
    <None Include="externals\glm\gtx\norm.inl">
      <Filter>externals\glm\gtx</Filter>
    </None>
    <None Include="externals\glm\gtx\normal.inl">
      <Filter>externals\glm\gtx</Filter>
    </None>
    <None Include="externals\glm\gtx\normalize_dot.inl">
      <Filter>externals\glm\gtx</Filter>
    </None>
    <None Include="externals\glm\gtx\number_precision.inl">
      <Filter>externals\glm\gtx</Filter>
    </None>
    <None Include="externals\glm\gtx\optimum_pow.inl">
      <Filter>externals\glm\gtx</Filter>
    </None>
    <None Include="externals\glm\gtx\orthonormalize.inl">
      <Filter>externals\glm\gtx</Filter>
    </None>
    <None Include="externals\glm\gtx\perpendicular.inl">
      <Filter>externals\glm\gtx</Filter>
    </None>
    <None Include="externals\glm\gtx\polar_coordinates.inl">
      <Filter>externals\glm\gtx</Filter>
    </None>
    <None Include="externals\glm\gtx\projection.inl">
      <Filter>externals\glm\gtx</Filter>
    </None>
    <None Include="externals\glm\gtx\quaternion.inl">
      <Filter>externals\glm\gtx</Filter>
    </None>
    <None Include="externals\glm\gtx\raw_data.inl">
      <Filter>externals\glm\gtx</Filter>
    </None>
    <None Include="externals\glm\gtx\rotate_normalized_axis.inl">
      <Filter>externals\glm\gtx</Filter>
    </None>
    <None Include="externals\glm\gtx\rotate_vector.inl">
      <Filter>externals\glm\gtx</Filter>
    </None>
    <None Include="externals\glm\gtx\scalar_relational.inl">
      <Filter>externals\glm\gtx</Filter>
    </None>
    <None Include="externals\glm\gtx\spline.inl">
      <Filter>externals\glm\gtx</Filter>
    </None>
    <None Include="externals\glm\gtx\std_based_type.inl">
      <Filter>externals\glm\gtx</Filter>
    </None>
    <None Include="externals\glm\gtx\string_cast.inl">
      <Filter>externals\glm\gtx</Filter>
    </None>
    <None Include="externals\glm\gtx\transform.inl">
      <Filter>externals\glm\gtx</Filter>
    </None>
    <None Include="externals\glm\gtx\transform2.inl">
      <Filter>externals\glm\gtx</Filter>
    </None>
    <None Include="externals\glm\gtx\type_aligned.inl">
      <Filter>externals\glm\gtx</Filter>
    </None>
    <None Include="externals\glm\gtx\type_trait.inl">
      <Filter>externals\glm\gtx</Filter>
    </None>
    <None Include="externals\glm\gtx\vector_angle.inl">
      <Filter>externals\glm\gtx</Filter>
    </None>
    <None Include="externals\glm\gtx\vector_query.inl">
      <Filter>externals\glm\gtx</Filter>
    </None>
    <None Include="externals\glm\gtx\wrap.inl">
      <Filter>externals\glm\gtx</Filter>
    </None>
  </ItemGroup>
  <ItemGroup>
    <Text Include="resource\model\Cube.txt">
      <Filter>Resource Files\model</Filter>
    </Text>
    <Text Include="resource\SceneConfig.txt">
      <Filter>Resource Files</Filter>
    </Text>
  </ItemGroup>
  <ItemGroup>
    <Image Include="resource\image\brick.jpg">
      <Filter>Resource Files\image</Filter>
    </Image>
  </ItemGroup>
</Project>